<Solution>
  <Project Path="SchoolManagement.Domain/SchoolManagement.Domain.csproj" />
  <Project Path="SchoolManagement.Application/SchoolManagement.Application.csproj" />
  <Project Path="SchoolManagement.Infrastructure/SchoolManagement.Infrastructure.csproj" />
  <Project Path="SchoolManagement.WPF/SchoolManagement.WPF.csproj" />
</Solution>
